
Microsoft Visual Studio Solution File, Format Version 12.00
# Visual Studio Version 17
VisualStudioVersion = 17.9.34701.34
MinimumVisualStudioVersion = 10.0.40219.1
Project("{2150E333-8FDC-42A3-9474-1A3956D46DE8}") = "Services", "Services", "{C15BDD17-7B78-470F-A8DB-C9A538DC25DC}"
EndProject
Project("{FAE04EC0-301F-11D3-BF4B-00C04F79EFBC}") = "Usuarios.Server", "Usuarios.Server\Usuarios.Server.csproj", "{5F5A8C80-D988-46C7-B711-8490DBDD1E4D}"
EndProject
Project("{FAE04EC0-301F-11D3-BF4B-00C04F79EFBC}") = "Notas.Server", "Notas.Server\Notas.Server.csproj", "{63861CC9-29DC-4FA8-8FEB-7D7551855692}"
EndProject
Global
	GlobalSection(SolutionConfigurationPlatforms) = preSolution
		Debug|Any CPU = Debug|Any CPU
		Release|Any CPU = Release|Any CPU
	EndGlobalSection
	GlobalSection(ProjectConfigurationPlatforms) = postSolution
		{5F5A8C80-D988-46C7-B711-8490DBDD1E4D}.Debug|Any CPU.ActiveCfg = Debug|Any CPU
		{5F5A8C80-D988-46C7-B711-8490DBDD1E4D}.Debug|Any CPU.Build.0 = Debug|Any CPU
		{5F5A8C80-D988-46C7-B711-8490DBDD1E4D}.Release|Any CPU.ActiveCfg = Release|Any CPU
		{5F5A8C80-D988-46C7-B711-8490DBDD1E4D}.Release|Any CPU.Build.0 = Release|Any CPU
		{63861CC9-29DC-4FA8-8FEB-7D7551855692}.Debug|Any CPU.ActiveCfg = Debug|Any CPU
		{63861CC9-29DC-4FA8-8FEB-7D7551855692}.Debug|Any CPU.Build.0 = Debug|Any CPU
		{63861CC9-29DC-4FA8-8FEB-7D7551855692}.Release|Any CPU.ActiveCfg = Release|Any CPU
		{63861CC9-29DC-4FA8-8FEB-7D7551855692}.Release|Any CPU.Build.0 = Release|Any CPU
	EndGlobalSection
	GlobalSection(SolutionProperties) = preSolution
		HideSolutionNode = FALSE
	EndGlobalSection
	GlobalSection(NestedProjects) = preSolution
		{5F5A8C80-D988-46C7-B711-8490DBDD1E4D} = {C15BDD17-7B78-470F-A8DB-C9A538DC25DC}
		{63861CC9-29DC-4FA8-8FEB-7D7551855692} = {C15BDD17-7B78-470F-A8DB-C9A538DC25DC}
	EndGlobalSection
	GlobalSection(ExtensibilityGlobals) = postSolution
		SolutionGuid = {B2E8FB97-662D-4E47-B6E2-186EDA77DE36}
	EndGlobalSection
EndGlobal
